
Microsoft Visual Studio Solution File, Format Version 12.00
# Visual Studio 15
VisualStudioVersion = 15.0.26730.12
MinimumVisualStudioVersion = 10.0.40219.1
Project("{E24C65DC-7377-472B-9ABA-BC803B73C61A}") = "WebService", "I:\WebService\", "{874FDFEC-35E7-4635-9B9C-537F16688A26}"
	ProjectSection(WebsiteProperties) = preProject
		TargetFrameworkMoniker = ".NETFramework,Version%3Dv4.6.1"
		Debug.AspNetCompiler.VirtualPath = "/localhost_52144"
		Debug.AspNetCompiler.PhysicalPath = "I:\WebService\"
		Debug.AspNetCompiler.TargetPath = "PrecompiledWeb\localhost_52144\"
		Debug.AspNetCompiler.Updateable = "true"
		Debug.AspNetCompiler.ForceOverwrite = "true"
		Debug.AspNetCompiler.FixedNames = "false"
		Debug.AspNetCompiler.Debug = "True"
		Release.AspNetCompiler.VirtualPath = "/localhost_52144"
		Release.AspNetCompiler.PhysicalPath = "I:\WebService\"
		Release.AspNetCompiler.TargetPath = "PrecompiledWeb\localhost_52144\"
		Release.AspNetCompiler.Updateable = "true"
		Release.AspNetCompiler.ForceOverwrite = "true"
		Release.AspNetCompiler.FixedNames = "false"
		Release.AspNetCompiler.Debug = "False"
		VWDPort = "52144"
		SlnRelativePath = "I:\WebService\"
	EndProjectSection
EndProject
Project("{FAE04EC0-301F-11D3-BF4B-00C04F79EFBC}") = "DriverApp", "I:\DriverApp\DriverApp.csproj", "{3BA8A669-7FD2-412E-A60D-7805B26995A8}"
	ProjectSection(ProjectDependencies) = postProject
		{874FDFEC-35E7-4635-9B9C-537F16688A26} = {874FDFEC-35E7-4635-9B9C-537F16688A26}
	EndProjectSection
EndProject
Global
	GlobalSection(SolutionConfigurationPlatforms) = preSolution
		Debug|Any CPU = Debug|Any CPU
		Release|Any CPU = Release|Any CPU
	EndGlobalSection
	GlobalSection(ProjectConfigurationPlatforms) = postSolution
		{874FDFEC-35E7-4635-9B9C-537F16688A26}.Debug|Any CPU.ActiveCfg = Debug|Any CPU
		{874FDFEC-35E7-4635-9B9C-537F16688A26}.Debug|Any CPU.Build.0 = Debug|Any CPU
		{874FDFEC-35E7-4635-9B9C-537F16688A26}.Release|Any CPU.ActiveCfg = Debug|Any CPU
		{874FDFEC-35E7-4635-9B9C-537F16688A26}.Release|Any CPU.Build.0 = Debug|Any CPU
		{3BA8A669-7FD2-412E-A60D-7805B26995A8}.Debug|Any CPU.ActiveCfg = Debug|Any CPU
		{3BA8A669-7FD2-412E-A60D-7805B26995A8}.Debug|Any CPU.Build.0 = Debug|Any CPU
		{3BA8A669-7FD2-412E-A60D-7805B26995A8}.Release|Any CPU.ActiveCfg = Release|Any CPU
		{3BA8A669-7FD2-412E-A60D-7805B26995A8}.Release|Any CPU.Build.0 = Release|Any CPU
	EndGlobalSection
	GlobalSection(SolutionProperties) = preSolution
		HideSolutionNode = FALSE
	EndGlobalSection
	GlobalSection(ExtensibilityGlobals) = postSolution
		SolutionGuid = {336A8CB6-8313-44B6-BADB-15A1A0E91CA7}
	EndGlobalSection
EndGlobal
